{
  "name": "flag-checker-lambda",
  "version": "1.0.0",
  "lockfileVersion": 3,
  "requires": true,
  "packages": {
    "": {
      "name": "flag-checker-lambda",
      "version": "1.0.0",
      "dependencies": {
        "@launchdarkly/node-server-sdk": "^9.0.0"
      }
    },
    "node_modules/@launchdarkly/js-sdk-common": {
      "version": "2.19.0",
      "resolved": "https://registry.npmjs.org/@launchdarkly/js-sdk-common/-/js-sdk-common-2.19.0.tgz",
      "integrity": "sha512-p4MU3VxFSxj1T5yGm3OeJAS034nAiISGUF9Av3r9tClRCElcIdj159hADBYCE4VpiH6q+6KJ3cbvXF8v1200+g==",
      "license": "Apache-2.0"
    },
    "node_modules/@launchdarkly/js-server-sdk-common": {
      "version": "2.16.2",
      "resolved": "https://registry.npmjs.org/@launchdarkly/js-server-sdk-common/-/js-server-sdk-common-2.16.2.tgz",
      "integrity": "sha512-xjJP1YHdSABgn4whBccaIFK5Mr0e3WVdu47NJoSzbkVEDrr2LaOaya+92vYkuByulObvuGAkhI+ceJhz3G0l2g==",
      "license": "Apache-2.0",
      "dependencies": {
        "@launchdarkly/js-sdk-common": "2.19.0",
        "semver": "7.5.4"
      }
    },
    "node_modules/@launchdarkly/node-server-sdk": {
      "version": "9.10.2",
      "resolved": "https://registry.npmjs.org/@launchdarkly/node-server-sdk/-/node-server-sdk-9.10.2.tgz",
      "integrity": "sha512-I/pAQfnupbmpKdH/4m88PWVhaElj1hyY7V+s2yAO4ZmPOybrsbObJZOkIrspdqK97V8aY0wjQpoivHyIUACWkg==",
      "license": "Apache-2.0",
      "dependencies": {
        "@launchdarkly/js-server-sdk-common": "2.16.2",
        "https-proxy-agent": "^7.0.6",
        "launchdarkly-eventsource": "2.2.0"
      }
    },
    "node_modules/agent-base": {
      "version": "7.1.4",
      "resolved": "https://registry.npmjs.org/agent-base/-/agent-base-7.1.4.tgz",
      "integrity": "sha512-MnA+YT8fwfJPgBx3m60MNqakm30XOkyIoH1y6huTQvC0PwZG7ki8NacLBcrPbNoo8vEZy7Jpuk7+jMO+CUovTQ==",
      "license": "MIT",
      "engines": {
        "node": ">= 14"
      }
    },
    "node_modules/debug": {
      "version": "4.4.3",
      "resolved": "https://registry.npmjs.org/debug/-/debug-4.4.3.tgz",
      "integrity": "sha512-RGwwWnwQvkVfavKVt22FGLw+xYSdzARwm0ru6DhTVA3umU5hZc28V3kO4stgYryrTlLpuvgI9GiijltAjNbcqA==",
      "license": "MIT",
      "dependencies": {
        "ms": "^2.1.3"
      },
      "engines": {
        "node": ">=6.0"
      },
      "peerDependenciesMeta": {
        "supports-color": {
          "optional": true
        }
      }
    },
    "node_modules/https-proxy-agent": {
      "version": "7.0.6",
      "resolved": "https://registry.npmjs.org/https-proxy-agent/-/https-proxy-agent-7.0.6.tgz",
      "integrity": "sha512-vK9P5/iUfdl95AI+JVyUuIcVtd4ofvtrOr3HNtM2yxC9bnMbEdp3x01OhQNnjb8IJYi38VlTE3mBXwcfvywuSw==",
      "license": "MIT",
      "dependencies": {
        "agent-base": "^7.1.2",
        "debug": "4"
      },
      "engines": {
        "node": ">= 14"
      }
    },
    "node_modules/launchdarkly-eventsource": {
      "version": "2.2.0",
      "resolved": "https://registry.npmjs.org/launchdarkly-eventsource/-/launchdarkly-eventsource-2.2.0.tgz",
      "integrity": "sha512-u38fYlLSq/m6oFz0MS1/76Sj2xzlYhTKZ+sf/vju6PA86PMc6fPlY5k8CdU79edLXjNwsvIQTDvDNy3llDqB8A==",
      "license": "MIT",
      "engines": {
        "node": ">=0.12.0"
      }
    },
    "node_modules/lru-cache": {
      "version": "6.0.0",
      "resolved": "https://registry.npmjs.org/lru-cache/-/lru-cache-6.0.0.tgz",
      "integrity": "sha512-Jo6dJ04CmSjuznwJSS3pUeWmd/H0ffTlkXXgwZi+eq1UCmqQwCh+eLsYOYCwY991i2Fah4h1BEMCx4qThGbsiA==",
      "license": "ISC",
      "dependencies": {
        "yallist": "^4.0.0"
      },
      "engines": {
        "node": ">=10"
      }
    },
    "node_modules/ms": {
      "version": "2.1.3",
      "resolved": "https://registry.npmjs.org/ms/-/ms-2.1.3.tgz",
      "integrity": "sha512-6FlzubTLZG3J2a/NVCAleEhjzq5oxgHyaCU9yYXvcLsvoVaHJq/s5xXI6/XXP6tz7R9xAOtHnSO/tXtF3WRTlA==",
      "license": "MIT"
    },
    "node_modules/semver": {
      "version": "7.5.4",
      "resolved": "https://registry.npmjs.org/semver/-/semver-7.5.4.tgz",
      "integrity": "sha512-1bCSESV6Pv+i21Hvpxp3Dx+pSD8lIPt8uVjRrxAUt/nbswYc+tK6Y2btiULjd4+fnq15PX+nqQDC7Oft7WkwcA==",
      "license": "ISC",
      "dependencies": {
        "lru-cache": "^6.0.0"
      },
      "bin": {
        "semver": "bin/semver.js"
      },
      "engines": {
        "node": ">=10"
      }
    },
    "node_modules/yallist": {
      "version": "4.0.0",
      "resolved": "https://registry.npmjs.org/yallist/-/yallist-4.0.0.tgz",
      "integrity": "sha512-3wdGidZyq5PB084XLES5TpOSRA3wjXAlIWMhum2kRcv/41Sn2emQ0dycQW4uZXLejwKvg6EsvbdlVL+FYEct7A==",
      "license": "ISC"
    }
  }
}
